
Microsoft Visual Studio Solution File, Format Version 11.00
# Visual Studio 2010
Project("{FAE04EC0-301F-11D3-BF4B-00C04F79EFBC}") = "PowerStormReadingGatherer", "PowerStormReadingGatherer\PowerStormReadingGatherer.csproj", "{46743E1D-3722-403C-BFD2-E697FA3735CD}"
EndProject
Global
	GlobalSection(SolutionConfigurationPlatforms) = preSolution
		Debug|x86 = Debug|x86
		Release|x86 = Release|x86
	EndGlobalSection
	GlobalSection(ProjectConfigurationPlatforms) = postSolution
		{46743E1D-3722-403C-BFD2-E697FA3735CD}.Debug|x86.ActiveCfg = Debug|x86
		{46743E1D-3722-403C-BFD2-E697FA3735CD}.Debug|x86.Build.0 = Debug|x86
		{46743E1D-3722-403C-BFD2-E697FA3735CD}.Release|x86.ActiveCfg = Release|x86
		{46743E1D-3722-403C-BFD2-E697FA3735CD}.Release|x86.Build.0 = Release|x86
	EndGlobalSection
	GlobalSection(MonoDevelopProperties) = preSolution
		StartupItem = PowerStormReadingGatherer\PowerStormReadingGatherer.csproj
	EndGlobalSection
EndGlobal
